PODS:
  - GeoTrackKit/Core (1.1.0)
  - GeoTrackKit/HealthKit (1.1.0):
    - GeoTrackKit/Core
  - GeoTrackKit/WatchCore (1.1.0)

DEPENDENCIES:
  - GeoTrackKit/HealthKit (from `..`)
  - GeoTrackKit/WatchCore (from `..`)

EXTERNAL SOURCES:
  GeoTrackKit:
    :path: ".."

SPEC CHECKSUMS:
  GeoTrackKit: 0c203f9cb03b97154f7db8a086a033285e69552d

PODFILE CHECKSUM: 63abfdea51601a31ab90c79e4e08a0c92fea979d

COCOAPODS: 1.8.4
