PODS:
  - GeoTrackKit/Core (0.3.0)
  - GeoTrackKit/HealthKit (0.3.0):
    - GeoTrackKit/Core

DEPENDENCIES:
  - GeoTrackKit/HealthKit (from `..`)

EXTERNAL SOURCES:
  GeoTrackKit:
    :path: ".."

SPEC CHECKSUMS:
  GeoTrackKit: e87ccfb445ca1364733ddacdd91571cd9773f030

PODFILE CHECKSUM: 6b6b15c8571da71adf29321de0604cdf6ea5756a

COCOAPODS: 1.5.3
