// !$*UTF8*$!
{
	archiveVersion = 1;
	classes = {
	};
	objectVersion = 46;
	objects = {

/* Begin PBXBuildFile section */
		3634C55B1E7EBCCA00933DB2 /* CLLocationExtension.swift in Sources */ = {isa = PBXBuildFile; fileRef = 3634C5451E7EBCCA00933DB2 /* CLLocationExtension.swift */; };
		3634C55C1E7EBCCA00933DB2 /* DateExtension.swift in Sources */ = {isa = PBXBuildFile; fileRef = 3634C5461E7EBCCA00933DB2 /* DateExtension.swift */; };
		3634C55D1E7EBCCA00933DB2 /* GeoTrackAnalyzer.swift in Sources */ = {isa = PBXBuildFile; fileRef = 3634C5471E7EBCCA00933DB2 /* GeoTrackAnalyzer.swift */; };
		3634C55E1E7EBCCA00933DB2 /* GeoTrackConsoleAppender.swift in Sources */ = {isa = PBXBuildFile; fileRef = 3634C5481E7EBCCA00933DB2 /* GeoTrackConsoleAppender.swift */; };
		3634C55F1E7EBCCA00933DB2 /* GeoTrackEvent.swift in Sources */ = {isa = PBXBuildFile; fileRef = 3634C5491E7EBCCA00933DB2 /* GeoTrackEvent.swift */; };
		3634C5601E7EBCCA00933DB2 /* GeoTrackEventLog.swift in Sources */ = {isa = PBXBuildFile; fileRef = 3634C54A1E7EBCCA00933DB2 /* GeoTrackEventLog.swift */; };
		3634C5611E7EBCCA00933DB2 /* GeoTrackManager.swift in Sources */ = {isa = PBXBuildFile; fileRef = 3634C54B1E7EBCCA00933DB2 /* GeoTrackManager.swift */; };
		3634C5621E7EBCCA00933DB2 /* GeoTrackService.swift in Sources */ = {isa = PBXBuildFile; fileRef = 3634C54C1E7EBCCA00933DB2 /* GeoTrackService.swift */; };
		3634C5631E7EBCCA00933DB2 /* GeoTrackState.swift in Sources */ = {isa = PBXBuildFile; fileRef = 3634C54D1E7EBCCA00933DB2 /* GeoTrackState.swift */; };
		3634C5641E7EBCCA00933DB2 /* Info.plist in Resources */ = {isa = PBXBuildFile; fileRef = 3634C54E1E7EBCCA00933DB2 /* Info.plist */; };
		3634C5651E7EBCCA00933DB2 /* LoggingFunctions.swift in Sources */ = {isa = PBXBuildFile; fileRef = 3634C54F1E7EBCCA00933DB2 /* LoggingFunctions.swift */; };
		3634C5661E7EBCCA00933DB2 /* DefaultMapZoom.swift in Sources */ = {isa = PBXBuildFile; fileRef = 3634C5511E7EBCCA00933DB2 /* DefaultMapZoom.swift */; };
		3634C5671E7EBCCA00933DB2 /* GeoTrackMap.swift in Sources */ = {isa = PBXBuildFile; fileRef = 3634C5521E7EBCCA00933DB2 /* GeoTrackMap.swift */; };
		3634C5681E7EBCCA00933DB2 /* UIGeoTrack.swift in Sources */ = {isa = PBXBuildFile; fileRef = 3634C5541E7EBCCA00933DB2 /* UIGeoTrack.swift */; };
		3634C5691E7EBCCA00933DB2 /* ZoomDefining.swift in Sources */ = {isa = PBXBuildFile; fileRef = 3634C5551E7EBCCA00933DB2 /* ZoomDefining.swift */; };
		3634C56A1E7EBCCA00933DB2 /* Leg.swift in Sources */ = {isa = PBXBuildFile; fileRef = 3634C5581E7EBCCA00933DB2 /* Leg.swift */; };
		3634C56B1E7EBCCA00933DB2 /* GeoTrack.swift in Sources */ = {isa = PBXBuildFile; fileRef = 3634C5591E7EBCCA00933DB2 /* GeoTrack.swift */; };
		3634C56C1E7EBCCA00933DB2 /* GeoTrackLocationEvent.swift in Sources */ = {isa = PBXBuildFile; fileRef = 3634C55A1E7EBCCA00933DB2 /* GeoTrackLocationEvent.swift */; };
		36C45E281DCE2BD000E87710 /* GeoTrackKit.framework in Frameworks */ = {isa = PBXBuildFile; fileRef = 36C45E1E1DCE2BD000E87710 /* GeoTrackKit.framework */; };
		36C45E2D1DCE2BD000E87710 /* GeoTrackKitTests.swift in Sources */ = {isa = PBXBuildFile; fileRef = 36C45E2C1DCE2BD000E87710 /* GeoTrackKitTests.swift */; };
/* End PBXBuildFile section */

/* Begin PBXContainerItemProxy section */
		36C45E291DCE2BD000E87710 /* PBXContainerItemProxy */ = {
			isa = PBXContainerItemProxy;
			containerPortal = 36C45E151DCE2BD000E87710 /* Project object */;
			proxyType = 1;
			remoteGlobalIDString = 36C45E1D1DCE2BD000E87710;
			remoteInfo = GeoTrackKit;
		};
/* End PBXContainerItemProxy section */

/* Begin PBXFileReference section */
		3634C5451E7EBCCA00933DB2 /* CLLocationExtension.swift */ = {isa = PBXFileReference; fileEncoding = 4; lastKnownFileType = sourcecode.swift; path = CLLocationExtension.swift; sourceTree = "<group>"; };
		3634C5461E7EBCCA00933DB2 /* DateExtension.swift */ = {isa = PBXFileReference; fileEncoding = 4; lastKnownFileType = sourcecode.swift; path = DateExtension.swift; sourceTree = "<group>"; };
		3634C5471E7EBCCA00933DB2 /* GeoTrackAnalyzer.swift */ = {isa = PBXFileReference; fileEncoding = 4; lastKnownFileType = sourcecode.swift; path = GeoTrackAnalyzer.swift; sourceTree = "<group>"; };
		3634C5481E7EBCCA00933DB2 /* GeoTrackConsoleAppender.swift */ = {isa = PBXFileReference; fileEncoding = 4; lastKnownFileType = sourcecode.swift; path = GeoTrackConsoleAppender.swift; sourceTree = "<group>"; };
		3634C5491E7EBCCA00933DB2 /* GeoTrackEvent.swift */ = {isa = PBXFileReference; fileEncoding = 4; lastKnownFileType = sourcecode.swift; path = GeoTrackEvent.swift; sourceTree = "<group>"; };
		3634C54A1E7EBCCA00933DB2 /* GeoTrackEventLog.swift */ = {isa = PBXFileReference; fileEncoding = 4; lastKnownFileType = sourcecode.swift; path = GeoTrackEventLog.swift; sourceTree = "<group>"; };
		3634C54B1E7EBCCA00933DB2 /* GeoTrackManager.swift */ = {isa = PBXFileReference; fileEncoding = 4; lastKnownFileType = sourcecode.swift; path = GeoTrackManager.swift; sourceTree = "<group>"; };
		3634C54C1E7EBCCA00933DB2 /* GeoTrackService.swift */ = {isa = PBXFileReference; fileEncoding = 4; lastKnownFileType = sourcecode.swift; path = GeoTrackService.swift; sourceTree = "<group>"; };
		3634C54D1E7EBCCA00933DB2 /* GeoTrackState.swift */ = {isa = PBXFileReference; fileEncoding = 4; lastKnownFileType = sourcecode.swift; path = GeoTrackState.swift; sourceTree = "<group>"; };
		3634C54E1E7EBCCA00933DB2 /* Info.plist */ = {isa = PBXFileReference; fileEncoding = 4; lastKnownFileType = text.plist.xml; path = Info.plist; sourceTree = "<group>"; };
		3634C54F1E7EBCCA00933DB2 /* LoggingFunctions.swift */ = {isa = PBXFileReference; fileEncoding = 4; lastKnownFileType = sourcecode.swift; path = LoggingFunctions.swift; sourceTree = "<group>"; };
		3634C5511E7EBCCA00933DB2 /* DefaultMapZoom.swift */ = {isa = PBXFileReference; fileEncoding = 4; lastKnownFileType = sourcecode.swift; path = DefaultMapZoom.swift; sourceTree = "<group>"; };
		3634C5521E7EBCCA00933DB2 /* GeoTrackMap.swift */ = {isa = PBXFileReference; fileEncoding = 4; lastKnownFileType = sourcecode.swift; path = GeoTrackMap.swift; sourceTree = "<group>"; };
		3634C5541E7EBCCA00933DB2 /* UIGeoTrack.swift */ = {isa = PBXFileReference; fileEncoding = 4; lastKnownFileType = sourcecode.swift; path = UIGeoTrack.swift; sourceTree = "<group>"; };
		3634C5551E7EBCCA00933DB2 /* ZoomDefining.swift */ = {isa = PBXFileReference; fileEncoding = 4; lastKnownFileType = sourcecode.swift; path = ZoomDefining.swift; sourceTree = "<group>"; };
		3634C5581E7EBCCA00933DB2 /* Leg.swift */ = {isa = PBXFileReference; fileEncoding = 4; lastKnownFileType = sourcecode.swift; path = Leg.swift; sourceTree = "<group>"; };
		3634C5591E7EBCCA00933DB2 /* GeoTrack.swift */ = {isa = PBXFileReference; fileEncoding = 4; lastKnownFileType = sourcecode.swift; path = GeoTrack.swift; sourceTree = "<group>"; };
		3634C55A1E7EBCCA00933DB2 /* GeoTrackLocationEvent.swift */ = {isa = PBXFileReference; fileEncoding = 4; lastKnownFileType = sourcecode.swift; path = GeoTrackLocationEvent.swift; sourceTree = "<group>"; };
		36C45E1E1DCE2BD000E87710 /* GeoTrackKit.framework */ = {isa = PBXFileReference; explicitFileType = wrapper.framework; includeInIndex = 0; path = GeoTrackKit.framework; sourceTree = BUILT_PRODUCTS_DIR; };
		36C45E221DCE2BD000E87710 /* Info.plist */ = {isa = PBXFileReference; lastKnownFileType = text.plist.xml; path = Info.plist; sourceTree = "<group>"; };
		36C45E271DCE2BD000E87710 /* GeoTrackKitTests.xctest */ = {isa = PBXFileReference; explicitFileType = wrapper.cfbundle; includeInIndex = 0; path = GeoTrackKitTests.xctest; sourceTree = BUILT_PRODUCTS_DIR; };
		36C45E2C1DCE2BD000E87710 /* GeoTrackKitTests.swift */ = {isa = PBXFileReference; lastKnownFileType = sourcecode.swift; path = GeoTrackKitTests.swift; sourceTree = "<group>"; };
		36C45E2E1DCE2BD000E87710 /* Info.plist */ = {isa = PBXFileReference; lastKnownFileType = text.plist.xml; path = Info.plist; sourceTree = "<group>"; };
/* End PBXFileReference section */

/* Begin PBXFrameworksBuildPhase section */
		36C45E1A1DCE2BD000E87710 /* Frameworks */ = {
			isa = PBXFrameworksBuildPhase;
			buildActionMask = 2147483647;
			files = (
			);
			runOnlyForDeploymentPostprocessing = 0;
		};
		36C45E241DCE2BD000E87710 /* Frameworks */ = {
			isa = PBXFrameworksBuildPhase;
			buildActionMask = 2147483647;
			files = (
				36C45E281DCE2BD000E87710 /* GeoTrackKit.framework in Frameworks */,
			);
			runOnlyForDeploymentPostprocessing = 0;
		};
/* End PBXFrameworksBuildPhase section */

/* Begin PBXGroup section */
		3634C5441E7EBCCA00933DB2 /* Extension */ = {
			isa = PBXGroup;
			children = (
				3634C5451E7EBCCA00933DB2 /* CLLocationExtension.swift */,
				3634C5461E7EBCCA00933DB2 /* DateExtension.swift */,
			);
			path = Extension;
			sourceTree = "<group>";
		};
		3634C5501E7EBCCA00933DB2 /* Map */ = {
			isa = PBXGroup;
			children = (
				3634C5511E7EBCCA00933DB2 /* DefaultMapZoom.swift */,
				3634C5521E7EBCCA00933DB2 /* GeoTrackMap.swift */,
				3634C5531E7EBCCA00933DB2 /* UIModels */,
				3634C5551E7EBCCA00933DB2 /* ZoomDefining.swift */,
			);
			path = Map;
			sourceTree = "<group>";
		};
		3634C5531E7EBCCA00933DB2 /* UIModels */ = {
			isa = PBXGroup;
			children = (
				3634C5541E7EBCCA00933DB2 /* UIGeoTrack.swift */,
			);
			path = UIModels;
			sourceTree = "<group>";
		};
		3634C5561E7EBCCA00933DB2 /* Models */ = {
			isa = PBXGroup;
			children = (
				3634C5571E7EBCCA00933DB2 /* Analyze */,
				3634C5591E7EBCCA00933DB2 /* GeoTrack.swift */,
				3634C55A1E7EBCCA00933DB2 /* GeoTrackLocationEvent.swift */,
			);
			path = Models;
			sourceTree = "<group>";
		};
		3634C5571E7EBCCA00933DB2 /* Analyze */ = {
			isa = PBXGroup;
			children = (
				3634C5581E7EBCCA00933DB2 /* Leg.swift */,
			);
			path = Analyze;
			sourceTree = "<group>";
		};
		36C45E141DCE2BD000E87710 = {
			isa = PBXGroup;
			children = (
				36C45E201DCE2BD000E87710 /* GeoTrackKit */,
				36C45E2B1DCE2BD000E87710 /* GeoTrackKitTests */,
				36C45E1F1DCE2BD000E87710 /* Products */,
			);
			sourceTree = "<group>";
		};
		36C45E1F1DCE2BD000E87710 /* Products */ = {
			isa = PBXGroup;
			children = (
				36C45E1E1DCE2BD000E87710 /* GeoTrackKit.framework */,
				36C45E271DCE2BD000E87710 /* GeoTrackKitTests.xctest */,
			);
			name = Products;
			sourceTree = "<group>";
		};
		36C45E201DCE2BD000E87710 /* GeoTrackKit */ = {
			isa = PBXGroup;
			children = (
				3634C5441E7EBCCA00933DB2 /* Extension */,
				3634C5471E7EBCCA00933DB2 /* GeoTrackAnalyzer.swift */,
				3634C5481E7EBCCA00933DB2 /* GeoTrackConsoleAppender.swift */,
				3634C5491E7EBCCA00933DB2 /* GeoTrackEvent.swift */,
				3634C54A1E7EBCCA00933DB2 /* GeoTrackEventLog.swift */,
				3634C54B1E7EBCCA00933DB2 /* GeoTrackManager.swift */,
				3634C54C1E7EBCCA00933DB2 /* GeoTrackService.swift */,
				3634C54D1E7EBCCA00933DB2 /* GeoTrackState.swift */,
				3634C54E1E7EBCCA00933DB2 /* Info.plist */,
				3634C54F1E7EBCCA00933DB2 /* LoggingFunctions.swift */,
				3634C5501E7EBCCA00933DB2 /* Map */,
				3634C5561E7EBCCA00933DB2 /* Models */,
				36C45E221DCE2BD000E87710 /* Info.plist */,
			);
			path = GeoTrackKit;
			sourceTree = "<group>";
		};
		36C45E2B1DCE2BD000E87710 /* GeoTrackKitTests */ = {
			isa = PBXGroup;
			children = (
				36C45E2C1DCE2BD000E87710 /* GeoTrackKitTests.swift */,
				36C45E2E1DCE2BD000E87710 /* Info.plist */,
			);
			path = GeoTrackKitTests;
			sourceTree = "<group>";
		};
/* End PBXGroup section */

/* Begin PBXHeadersBuildPhase section */
		36C45E1B1DCE2BD000E87710 /* Headers */ = {
			isa = PBXHeadersBuildPhase;
			buildActionMask = 2147483647;
			files = (
			);
			runOnlyForDeploymentPostprocessing = 0;
		};
/* End PBXHeadersBuildPhase section */

/* Begin PBXNativeTarget section */
		36C45E1D1DCE2BD000E87710 /* GeoTrackKit */ = {
			isa = PBXNativeTarget;
			buildConfigurationList = 36C45E321DCE2BD000E87710 /* Build configuration list for PBXNativeTarget "GeoTrackKit" */;
			buildPhases = (
				36C45E191DCE2BD000E87710 /* Sources */,
				36C45E1A1DCE2BD000E87710 /* Frameworks */,
				36C45E1B1DCE2BD000E87710 /* Headers */,
				36C45E1C1DCE2BD000E87710 /* Resources */,
			);
			buildRules = (
			);
			dependencies = (
			);
			name = GeoTrackKit;
			productName = GeoTrackKit;
			productReference = 36C45E1E1DCE2BD000E87710 /* GeoTrackKit.framework */;
			productType = "com.apple.product-type.framework";
		};
		36C45E261DCE2BD000E87710 /* GeoTrackKitTests */ = {
			isa = PBXNativeTarget;
			buildConfigurationList = 36C45E351DCE2BD000E87710 /* Build configuration list for PBXNativeTarget "GeoTrackKitTests" */;
			buildPhases = (
				36C45E231DCE2BD000E87710 /* Sources */,
				36C45E241DCE2BD000E87710 /* Frameworks */,
				36C45E251DCE2BD000E87710 /* Resources */,
			);
			buildRules = (
			);
			dependencies = (
				36C45E2A1DCE2BD000E87710 /* PBXTargetDependency */,
			);
			name = GeoTrackKitTests;
			productName = GeoTrackKitTests;
			productReference = 36C45E271DCE2BD000E87710 /* GeoTrackKitTests.xctest */;
			productType = "com.apple.product-type.bundle.unit-test";
		};
/* End PBXNativeTarget section */

/* Begin PBXProject section */
		36C45E151DCE2BD000E87710 /* Project object */ = {
			isa = PBXProject;
			attributes = {
				LastSwiftUpdateCheck = 0810;
				LastUpgradeCheck = 0810;
				ORGANIZATIONNAME = "Eric Internicola";
				TargetAttributes = {
					36C45E1D1DCE2BD000E87710 = {
						CreatedOnToolsVersion = 8.1;
						LastSwiftMigration = 0820;
						ProvisioningStyle = Automatic;
					};
					36C45E261DCE2BD000E87710 = {
						CreatedOnToolsVersion = 8.1;
						ProvisioningStyle = Automatic;
					};
				};
			};
			buildConfigurationList = 36C45E181DCE2BD000E87710 /* Build configuration list for PBXProject "GeoTrackKit" */;
			compatibilityVersion = "Xcode 3.2";
			developmentRegion = English;
			hasScannedForEncodings = 0;
			knownRegions = (
				en,
			);
			mainGroup = 36C45E141DCE2BD000E87710;
			productRefGroup = 36C45E1F1DCE2BD000E87710 /* Products */;
			projectDirPath = "";
			projectRoot = "";
			targets = (
				36C45E1D1DCE2BD000E87710 /* GeoTrackKit */,
				36C45E261DCE2BD000E87710 /* GeoTrackKitTests */,
			);
		};
/* End PBXProject section */

/* Begin PBXResourcesBuildPhase section */
		36C45E1C1DCE2BD000E87710 /* Resources */ = {
			isa = PBXResourcesBuildPhase;
			buildActionMask = 2147483647;
			files = (
				3634C5641E7EBCCA00933DB2 /* Info.plist in Resources */,
			);
			runOnlyForDeploymentPostprocessing = 0;
		};
		36C45E251DCE2BD000E87710 /* Resources */ = {
			isa = PBXResourcesBuildPhase;
			buildActionMask = 2147483647;
			files = (
			);
			runOnlyForDeploymentPostprocessing = 0;
		};
/* End PBXResourcesBuildPhase section */

/* Begin PBXSourcesBuildPhase section */
		36C45E191DCE2BD000E87710 /* Sources */ = {
			isa = PBXSourcesBuildPhase;
			buildActionMask = 2147483647;
			files = (
				3634C5681E7EBCCA00933DB2 /* UIGeoTrack.swift in Sources */,
				3634C5611E7EBCCA00933DB2 /* GeoTrackManager.swift in Sources */,
				3634C5621E7EBCCA00933DB2 /* GeoTrackService.swift in Sources */,
				3634C56C1E7EBCCA00933DB2 /* GeoTrackLocationEvent.swift in Sources */,
				3634C56A1E7EBCCA00933DB2 /* Leg.swift in Sources */,
				3634C55B1E7EBCCA00933DB2 /* CLLocationExtension.swift in Sources */,
				3634C55C1E7EBCCA00933DB2 /* DateExtension.swift in Sources */,
				3634C55E1E7EBCCA00933DB2 /* GeoTrackConsoleAppender.swift in Sources */,
				3634C5651E7EBCCA00933DB2 /* LoggingFunctions.swift in Sources */,
				3634C5631E7EBCCA00933DB2 /* GeoTrackState.swift in Sources */,
				3634C56B1E7EBCCA00933DB2 /* GeoTrack.swift in Sources */,
				3634C5691E7EBCCA00933DB2 /* ZoomDefining.swift in Sources */,
				3634C5661E7EBCCA00933DB2 /* DefaultMapZoom.swift in Sources */,
				3634C55D1E7EBCCA00933DB2 /* GeoTrackAnalyzer.swift in Sources */,
				3634C55F1E7EBCCA00933DB2 /* GeoTrackEvent.swift in Sources */,
				3634C5671E7EBCCA00933DB2 /* GeoTrackMap.swift in Sources */,
				3634C5601E7EBCCA00933DB2 /* GeoTrackEventLog.swift in Sources */,
			);
			runOnlyForDeploymentPostprocessing = 0;
		};
		36C45E231DCE2BD000E87710 /* Sources */ = {
			isa = PBXSourcesBuildPhase;
			buildActionMask = 2147483647;
			files = (
				36C45E2D1DCE2BD000E87710 /* GeoTrackKitTests.swift in Sources */,
			);
			runOnlyForDeploymentPostprocessing = 0;
		};
/* End PBXSourcesBuildPhase section */

/* Begin PBXTargetDependency section */
		36C45E2A1DCE2BD000E87710 /* PBXTargetDependency */ = {
			isa = PBXTargetDependency;
			target = 36C45E1D1DCE2BD000E87710 /* GeoTrackKit */;
			targetProxy = 36C45E291DCE2BD000E87710 /* PBXContainerItemProxy */;
		};
/* End PBXTargetDependency section */

/* Begin XCBuildConfiguration section */
		36C45E301DCE2BD000E87710 /* Debug */ = {
			isa = XCBuildConfiguration;
			buildSettings = {
				ALWAYS_SEARCH_USER_PATHS = NO;
				CLANG_ANALYZER_NONNULL = YES;
				CLANG_CXX_LANGUAGE_STANDARD = "gnu++0x";
				CLANG_CXX_LIBRARY = "libc++";
				CLANG_ENABLE_MODULES = YES;
				CLANG_ENABLE_OBJC_ARC = YES;
				CLANG_WARN_BOOL_CONVERSION = YES;
				CLANG_WARN_CONSTANT_CONVERSION = YES;
				CLANG_WARN_DIRECT_OBJC_ISA_USAGE = YES_ERROR;
				CLANG_WARN_DOCUMENTATION_COMMENTS = YES;
				CLANG_WARN_EMPTY_BODY = YES;
				CLANG_WARN_ENUM_CONVERSION = YES;
				CLANG_WARN_INFINITE_RECURSION = YES;
				CLANG_WARN_INT_CONVERSION = YES;
				CLANG_WARN_OBJC_ROOT_CLASS = YES_ERROR;
				CLANG_WARN_SUSPICIOUS_MOVES = YES;
				CLANG_WARN_UNREACHABLE_CODE = YES;
				CLANG_WARN__DUPLICATE_METHOD_MATCH = YES;
				"CODE_SIGN_IDENTITY[sdk=iphoneos*]" = "iPhone Developer";
				COPY_PHASE_STRIP = NO;
				CURRENT_PROJECT_VERSION = 1;
				DEBUG_INFORMATION_FORMAT = dwarf;
				ENABLE_STRICT_OBJC_MSGSEND = YES;
				ENABLE_TESTABILITY = YES;
				GCC_C_LANGUAGE_STANDARD = gnu99;
				GCC_DYNAMIC_NO_PIC = NO;
				GCC_NO_COMMON_BLOCKS = YES;
				GCC_OPTIMIZATION_LEVEL = 0;
				GCC_PREPROCESSOR_DEFINITIONS = (
					"DEBUG=1",
					"$(inherited)",
				);
				GCC_WARN_64_TO_32_BIT_CONVERSION = YES;
				GCC_WARN_ABOUT_RETURN_TYPE = YES_ERROR;
				GCC_WARN_UNDECLARED_SELECTOR = YES;
				GCC_WARN_UNINITIALIZED_AUTOS = YES_AGGRESSIVE;
				GCC_WARN_UNUSED_FUNCTION = YES;
				GCC_WARN_UNUSED_VARIABLE = YES;
				IPHONEOS_DEPLOYMENT_TARGET = 10.1;
				MTL_ENABLE_DEBUG_INFO = YES;
				ONLY_ACTIVE_ARCH = YES;
				SDKROOT = iphoneos;
				SWIFT_ACTIVE_COMPILATION_CONDITIONS = DEBUG;
				SWIFT_OPTIMIZATION_LEVEL = "-Onone";
				TARGETED_DEVICE_FAMILY = "1,2";
				VERSIONING_SYSTEM = "apple-generic";
				VERSION_INFO_PREFIX = "";
			};
			name = Debug;
		};
		36C45E311DCE2BD000E87710 /* Release */ = {
			isa = XCBuildConfiguration;
			buildSettings = {
				ALWAYS_SEARCH_USER_PATHS = NO;
				CLANG_ANALYZER_NONNULL = YES;
				CLANG_CXX_LANGUAGE_STANDARD = "gnu++0x";
				CLANG_CXX_LIBRARY = "libc++";
				CLANG_ENABLE_MODULES = YES;
				CLANG_ENABLE_OBJC_ARC = YES;
				CLANG_WARN_BOOL_CONVERSION = YES;
				CLANG_WARN_CONSTANT_CONVERSION = YES;
				CLANG_WARN_DIRECT_OBJC_ISA_USAGE = YES_ERROR;
				CLANG_WARN_DOCUMENTATION_COMMENTS = YES;
				CLANG_WARN_EMPTY_BODY = YES;
				CLANG_WARN_ENUM_CONVERSION = YES;
				CLANG_WARN_INFINITE_RECURSION = YES;
				CLANG_WARN_INT_CONVERSION = YES;
				CLANG_WARN_OBJC_ROOT_CLASS = YES_ERROR;
				CLANG_WARN_SUSPICIOUS_MOVES = YES;
				CLANG_WARN_UNREACHABLE_CODE = YES;
				CLANG_WARN__DUPLICATE_METHOD_MATCH = YES;
				"CODE_SIGN_IDENTITY[sdk=iphoneos*]" = "iPhone Developer";
				COPY_PHASE_STRIP = NO;
				CURRENT_PROJECT_VERSION = 1;
				DEBUG_INFORMATION_FORMAT = "dwarf-with-dsym";
				ENABLE_NS_ASSERTIONS = NO;
				ENABLE_STRICT_OBJC_MSGSEND = YES;
				GCC_C_LANGUAGE_STANDARD = gnu99;
				GCC_NO_COMMON_BLOCKS = YES;
				GCC_WARN_64_TO_32_BIT_CONVERSION = YES;
				GCC_WARN_ABOUT_RETURN_TYPE = YES_ERROR;
				GCC_WARN_UNDECLARED_SELECTOR = YES;
				GCC_WARN_UNINITIALIZED_AUTOS = YES_AGGRESSIVE;
				GCC_WARN_UNUSED_FUNCTION = YES;
				GCC_WARN_UNUSED_VARIABLE = YES;
				IPHONEOS_DEPLOYMENT_TARGET = 10.1;
				MTL_ENABLE_DEBUG_INFO = NO;
				SDKROOT = iphoneos;
				SWIFT_OPTIMIZATION_LEVEL = "-Owholemodule";
				TARGETED_DEVICE_FAMILY = "1,2";
				VALIDATE_PRODUCT = YES;
				VERSIONING_SYSTEM = "apple-generic";
				VERSION_INFO_PREFIX = "";
			};
			name = Release;
		};
		36C45E331DCE2BD000E87710 /* Debug */ = {
			isa = XCBuildConfiguration;
			buildSettings = {
				CLANG_ENABLE_MODULES = YES;
				CODE_SIGN_IDENTITY = "";
				DEFINES_MODULE = YES;
				DYLIB_COMPATIBILITY_VERSION = 1;
				DYLIB_CURRENT_VERSION = 1;
				DYLIB_INSTALL_NAME_BASE = "@rpath";
				INFOPLIST_FILE = GeoTrackKit/Info.plist;
				INSTALL_PATH = "$(LOCAL_LIBRARY_DIR)/Frameworks";
				LD_RUNPATH_SEARCH_PATHS = "$(inherited) @executable_path/Frameworks @loader_path/Frameworks";
				PRODUCT_BUNDLE_IDENTIFIER = com.icolasoft.GeoTrackKit;
				PRODUCT_NAME = "$(TARGET_NAME)";
				SKIP_INSTALL = YES;
				SWIFT_OPTIMIZATION_LEVEL = "-Onone";
				SWIFT_VERSION = 3.0;
			};
			name = Debug;
		};
		36C45E341DCE2BD000E87710 /* Release */ = {
			isa = XCBuildConfiguration;
			buildSettings = {
				CLANG_ENABLE_MODULES = YES;
				CODE_SIGN_IDENTITY = "";
				DEFINES_MODULE = YES;
				DYLIB_COMPATIBILITY_VERSION = 1;
				DYLIB_CURRENT_VERSION = 1;
				DYLIB_INSTALL_NAME_BASE = "@rpath";
				INFOPLIST_FILE = GeoTrackKit/Info.plist;
				INSTALL_PATH = "$(LOCAL_LIBRARY_DIR)/Frameworks";
				LD_RUNPATH_SEARCH_PATHS = "$(inherited) @executable_path/Frameworks @loader_path/Frameworks";
				PRODUCT_BUNDLE_IDENTIFIER = com.icolasoft.GeoTrackKit;
				PRODUCT_NAME = "$(TARGET_NAME)";
				SKIP_INSTALL = YES;
				SWIFT_VERSION = 3.0;
			};
			name = Release;
		};
		36C45E361DCE2BD000E87710 /* Debug */ = {
			isa = XCBuildConfiguration;
			buildSettings = {
				ALWAYS_EMBED_SWIFT_STANDARD_LIBRARIES = YES;
				INFOPLIST_FILE = GeoTrackKitTests/Info.plist;
				LD_RUNPATH_SEARCH_PATHS = "$(inherited) @executable_path/Frameworks @loader_path/Frameworks";
				PRODUCT_BUNDLE_IDENTIFIER = com.icolasoft.GeoTrackKitTests;
				PRODUCT_NAME = "$(TARGET_NAME)";
				SWIFT_VERSION = 3.0;
			};
			name = Debug;
		};
		36C45E371DCE2BD000E87710 /* Release */ = {
			isa = XCBuildConfiguration;
			buildSettings = {
				ALWAYS_EMBED_SWIFT_STANDARD_LIBRARIES = YES;
				INFOPLIST_FILE = GeoTrackKitTests/Info.plist;
				LD_RUNPATH_SEARCH_PATHS = "$(inherited) @executable_path/Frameworks @loader_path/Frameworks";
				PRODUCT_BUNDLE_IDENTIFIER = com.icolasoft.GeoTrackKitTests;
				PRODUCT_NAME = "$(TARGET_NAME)";
				SWIFT_VERSION = 3.0;
			};
			name = Release;
		};
/* End XCBuildConfiguration section */

/* Begin XCConfigurationList section */
		36C45E181DCE2BD000E87710 /* Build configuration list for PBXProject "GeoTrackKit" */ = {
			isa = XCConfigurationList;
			buildConfigurations = (
				36C45E301DCE2BD000E87710 /* Debug */,
				36C45E311DCE2BD000E87710 /* Release */,
			);
			defaultConfigurationIsVisible = 0;
			defaultConfigurationName = Release;
		};
		36C45E321DCE2BD000E87710 /* Build configuration list for PBXNativeTarget "GeoTrackKit" */ = {
			isa = XCConfigurationList;
			buildConfigurations = (
				36C45E331DCE2BD000E87710 /* Debug */,
				36C45E341DCE2BD000E87710 /* Release */,
			);
			defaultConfigurationIsVisible = 0;
			defaultConfigurationName = Release;
		};
		36C45E351DCE2BD000E87710 /* Build configuration list for PBXNativeTarget "GeoTrackKitTests" */ = {
			isa = XCConfigurationList;
			buildConfigurations = (
				36C45E361DCE2BD000E87710 /* Debug */,
				36C45E371DCE2BD000E87710 /* Release */,
			);
			defaultConfigurationIsVisible = 0;
			defaultConfigurationName = Release;
		};
/* End XCConfigurationList section */
	};
	rootObject = 36C45E151DCE2BD000E87710 /* Project object */;
}
