// !$*UTF8*$!
{
	archiveVersion = 1;
	classes = {
	};
	objectVersion = 46;
	objects = {

/* Begin PBXBuildFile section */
		0E1E09A3899897CDAE589A5B /* Pods_GeoTrackKitExample.framework in Frameworks */ = {isa = PBXBuildFile; fileRef = 8A51639AB7B6B4BAEF27C313 /* Pods_GeoTrackKitExample.framework */; };
		1B2451A1B46FD1E813C13A25 /* Pods_GeoTrackKitExampleTests.framework in Frameworks */ = {isa = PBXBuildFile; fileRef = A6E72B23B9554498B66030FE /* Pods_GeoTrackKitExampleTests.framework */; };
		3604F20C2213B04400D2EFA7 /* example.scnassets in Resources */ = {isa = PBXBuildFile; fileRef = 3604F20B2213B04400D2EFA7 /* example.scnassets */; };
		3604FC77217150AB00B46BAA /* GeoTrackStatisticsTests.swift in Sources */ = {isa = PBXBuildFile; fileRef = 3604FC76217150AB00B46BAA /* GeoTrackStatisticsTests.swift */; };
		36302DB9210E17B400834A1D /* GeoTrackKitErrorTests.swift in Sources */ = {isa = PBXBuildFile; fileRef = 36302DB8210E17B400834A1D /* GeoTrackKitErrorTests.swift */; };
		366B1C672209271E003C19F8 /* TrackList.storyboard in Resources */ = {isa = PBXBuildFile; fileRef = 366B1C662209271E003C19F8 /* TrackList.storyboard */; };
		366B1C69220927F4003C19F8 /* TrackListTableViewController.swift in Sources */ = {isa = PBXBuildFile; fileRef = 366B1C68220927F4003C19F8 /* TrackListTableViewController.swift */; };
		366B652D21963A7D00BA5EB7 /* reference-track-2.json in Resources */ = {isa = PBXBuildFile; fileRef = 366B652C21963A7D00BA5EB7 /* reference-track-2.json */; };
		366B653021963AEE00BA5EB7 /* GeoTrackTests.swift in Sources */ = {isa = PBXBuildFile; fileRef = 366B652F21963AEE00BA5EB7 /* GeoTrackTests.swift */; };
		366B6532219650CF00BA5EB7 /* reference-track-3.json in Resources */ = {isa = PBXBuildFile; fileRef = 366B6531219650CF00BA5EB7 /* reference-track-3.json */; };
		366CE43C1DFCAC360090BD42 /* GeoTrackSerializationTests.swift in Sources */ = {isa = PBXBuildFile; fileRef = 366CE43B1DFCAC360090BD42 /* GeoTrackSerializationTests.swift */; };
		3677FFF9220C679A0036DA27 /* ARCLViewController.swift in Sources */ = {isa = PBXBuildFile; fileRef = 3677FFF8220C679A0036DA27 /* ARCLViewController.swift */; };
		3677FFFB220C68C10036DA27 /* ARCL.storyboard in Resources */ = {isa = PBXBuildFile; fileRef = 3677FFFA220C68C10036DA27 /* ARCL.storyboard */; };
		368A87AE1E6332C1003D115A /* reference-track-1.json in Resources */ = {isa = PBXBuildFile; fileRef = 368A87AD1E6332C1003D115A /* reference-track-1.json */; };
		368A87B11E63332E003D115A /* TrackReader.swift in Sources */ = {isa = PBXBuildFile; fileRef = 368A87B01E63332E003D115A /* TrackReader.swift */; };
		368A87B71E636FCE003D115A /* GeoTrackAnalyzerTests.swift in Sources */ = {isa = PBXBuildFile; fileRef = 368A87B61E636FCE003D115A /* GeoTrackAnalyzerTests.swift */; };
		36A7C6C72100B0980073407A /* EventLogAppender.swift in Sources */ = {isa = PBXBuildFile; fileRef = 36A7C6C62100B0980073407A /* EventLogAppender.swift */; };
		36A7C6D02103ECB40073407A /* ConsoleLogAppender.swift in Sources */ = {isa = PBXBuildFile; fileRef = 36A7C6CF2103ECB40073407A /* ConsoleLogAppender.swift */; };
		36A7C6DB2104CBF30073407A /* TrackConsole.storyboard in Resources */ = {isa = PBXBuildFile; fileRef = 36A7C6DA2104CBF30073407A /* TrackConsole.storyboard */; };
		36A7C6DD2104CBFE0073407A /* TrackConsoleViewController.swift in Sources */ = {isa = PBXBuildFile; fileRef = 36A7C6DC2104CBFE0073407A /* TrackConsoleViewController.swift */; };
		36A7C6E02104CC0D0073407A /* LegSwitchCell.swift in Sources */ = {isa = PBXBuildFile; fileRef = 36A7C6DE2104CC0D0073407A /* LegSwitchCell.swift */; };
		36A7C6E12104CC0D0073407A /* TrackMapViewController.swift in Sources */ = {isa = PBXBuildFile; fileRef = 36A7C6DF2104CC0D0073407A /* TrackMapViewController.swift */; };
		36A7C6E32104CC360073407A /* LiveTrackingView.storyboard in Resources */ = {isa = PBXBuildFile; fileRef = 36A7C6E22104CC350073407A /* LiveTrackingView.storyboard */; };
		36A7C6E52104CC690073407A /* TrackOverviewTableViewController.swift in Sources */ = {isa = PBXBuildFile; fileRef = 36A7C6E42104CC690073407A /* TrackOverviewTableViewController.swift */; };
		36A7C6E72104CD120073407A /* TrackView.storyboard in Resources */ = {isa = PBXBuildFile; fileRef = 36A7C6E62104CD120073407A /* TrackView.storyboard */; };
		36A7C6E92104D8870073407A /* LiveTrackingViewController.swift in Sources */ = {isa = PBXBuildFile; fileRef = 36A7C6E82104D8870073407A /* LiveTrackingViewController.swift */; };
		36C45E451DCE2D3500E87710 /* AppDelegate.swift in Sources */ = {isa = PBXBuildFile; fileRef = 36C45E441DCE2D3500E87710 /* AppDelegate.swift */; };
		36C45E4A1DCE2D3500E87710 /* Main.storyboard in Resources */ = {isa = PBXBuildFile; fileRef = 36C45E481DCE2D3500E87710 /* Main.storyboard */; };
		36C45E4C1DCE2D3500E87710 /* Assets.xcassets in Resources */ = {isa = PBXBuildFile; fileRef = 36C45E4B1DCE2D3500E87710 /* Assets.xcassets */; };
		36C45E4F1DCE2D3500E87710 /* LaunchScreen.storyboard in Resources */ = {isa = PBXBuildFile; fileRef = 36C45E4D1DCE2D3500E87710 /* LaunchScreen.storyboard */; };
		36D099B1210B607300C8C841 /* HealthKit.framework in Frameworks */ = {isa = PBXBuildFile; fileRef = 36D099B0210B607300C8C841 /* HealthKit.framework */; };
		36D099B5210B64E200C8C841 /* TrackImport.storyboard in Resources */ = {isa = PBXBuildFile; fileRef = 36D099B4210B64E200C8C841 /* TrackImport.storyboard */; };
		36D099B7210B6A2C00C8C841 /* TrackImportTableViewController.swift in Sources */ = {isa = PBXBuildFile; fileRef = 36D099B6210B6A2C00C8C841 /* TrackImportTableViewController.swift */; };
		36E1E3461DEB3D0D00CFC7BC /* GeoTrackLocationEventTests.swift in Sources */ = {isa = PBXBuildFile; fileRef = 36E1E3451DEB3D0D00CFC7BC /* GeoTrackLocationEventTests.swift */; };
		36E3C43D1F4A0817005738DB /* reference-track-1.json in Resources */ = {isa = PBXBuildFile; fileRef = 368A87AD1E6332C1003D115A /* reference-track-1.json */; };
		36EA9BF322060337003C79E8 /* TrackService.swift in Sources */ = {isa = PBXBuildFile; fileRef = 36EA9BF222060337003C79E8 /* TrackService.swift */; };
		36EA9BF622061B90003C79E8 /* TrackServiceTests.swift in Sources */ = {isa = PBXBuildFile; fileRef = 36EA9BF522061B90003C79E8 /* TrackServiceTests.swift */; };
		36F5A73421E0308900A3DB21 /* CoreLocationExtension.swift in Sources */ = {isa = PBXBuildFile; fileRef = 36F5A73321E0308900A3DB21 /* CoreLocationExtension.swift */; };
		93090E201DF822D9004F56FB /* GeoTrackEventLogTests.swift in Sources */ = {isa = PBXBuildFile; fileRef = 93090E1F1DF822D9004F56FB /* GeoTrackEventLogTests.swift */; };
		93090E231DF82520004F56FB /* MockAppender.swift in Sources */ = {isa = PBXBuildFile; fileRef = 93090E221DF82520004F56FB /* MockAppender.swift */; };
		93EEFC071E6DAD1900090CE7 /* UIGeoTrackTest.swift in Sources */ = {isa = PBXBuildFile; fileRef = 93EEFC061E6DAD1900090CE7 /* UIGeoTrackTest.swift */; };
/* End PBXBuildFile section */

/* Begin PBXContainerItemProxy section */
		36C45E561DCE2D3500E87710 /* PBXContainerItemProxy */ = {
			isa = PBXContainerItemProxy;
			containerPortal = 36C45E391DCE2D3500E87710 /* Project object */;
			proxyType = 1;
			remoteGlobalIDString = 36C45E401DCE2D3500E87710;
			remoteInfo = GeoTrackKitExample;
		};
/* End PBXContainerItemProxy section */

/* Begin PBXFileReference section */
		3604F20B2213B04400D2EFA7 /* example.scnassets */ = {isa = PBXFileReference; lastKnownFileType = wrapper.scnassets; path = example.scnassets; sourceTree = "<group>"; };
		3604FC76217150AB00B46BAA /* GeoTrackStatisticsTests.swift */ = {isa = PBXFileReference; lastKnownFileType = sourcecode.swift; path = GeoTrackStatisticsTests.swift; sourceTree = "<group>"; };
		36302DB8210E17B400834A1D /* GeoTrackKitErrorTests.swift */ = {isa = PBXFileReference; fileEncoding = 4; lastKnownFileType = sourcecode.swift; path = GeoTrackKitErrorTests.swift; sourceTree = "<group>"; };
		366B1C662209271E003C19F8 /* TrackList.storyboard */ = {isa = PBXFileReference; lastKnownFileType = file.storyboard; path = TrackList.storyboard; sourceTree = "<group>"; };
		366B1C68220927F4003C19F8 /* TrackListTableViewController.swift */ = {isa = PBXFileReference; lastKnownFileType = sourcecode.swift; path = TrackListTableViewController.swift; sourceTree = "<group>"; };
		366B652C21963A7D00BA5EB7 /* reference-track-2.json */ = {isa = PBXFileReference; fileEncoding = 4; lastKnownFileType = text.json; path = "reference-track-2.json"; sourceTree = "<group>"; };
		366B652F21963AEE00BA5EB7 /* GeoTrackTests.swift */ = {isa = PBXFileReference; lastKnownFileType = sourcecode.swift; path = GeoTrackTests.swift; sourceTree = "<group>"; };
		366B6531219650CF00BA5EB7 /* reference-track-3.json */ = {isa = PBXFileReference; fileEncoding = 4; lastKnownFileType = text.json; path = "reference-track-3.json"; sourceTree = "<group>"; };
		366CE43B1DFCAC360090BD42 /* GeoTrackSerializationTests.swift */ = {isa = PBXFileReference; fileEncoding = 4; lastKnownFileType = sourcecode.swift; path = GeoTrackSerializationTests.swift; sourceTree = "<group>"; };
		3677FFF8220C679A0036DA27 /* ARCLViewController.swift */ = {isa = PBXFileReference; lastKnownFileType = sourcecode.swift; path = ARCLViewController.swift; sourceTree = "<group>"; };
		3677FFFA220C68C10036DA27 /* ARCL.storyboard */ = {isa = PBXFileReference; lastKnownFileType = file.storyboard; path = ARCL.storyboard; sourceTree = "<group>"; };
		368A87AD1E6332C1003D115A /* reference-track-1.json */ = {isa = PBXFileReference; fileEncoding = 4; lastKnownFileType = text.json; path = "reference-track-1.json"; sourceTree = "<group>"; };
		368A87B01E63332E003D115A /* TrackReader.swift */ = {isa = PBXFileReference; fileEncoding = 4; lastKnownFileType = sourcecode.swift; path = TrackReader.swift; sourceTree = "<group>"; };
		368A87B61E636FCE003D115A /* GeoTrackAnalyzerTests.swift */ = {isa = PBXFileReference; fileEncoding = 4; lastKnownFileType = sourcecode.swift; path = GeoTrackAnalyzerTests.swift; sourceTree = "<group>"; };
		36A7C6C62100B0980073407A /* EventLogAppender.swift */ = {isa = PBXFileReference; lastKnownFileType = sourcecode.swift; path = EventLogAppender.swift; sourceTree = "<group>"; };
		36A7C6CF2103ECB40073407A /* ConsoleLogAppender.swift */ = {isa = PBXFileReference; lastKnownFileType = sourcecode.swift; path = ConsoleLogAppender.swift; sourceTree = "<group>"; };
		36A7C6DA2104CBF30073407A /* TrackConsole.storyboard */ = {isa = PBXFileReference; fileEncoding = 4; lastKnownFileType = file.storyboard; path = TrackConsole.storyboard; sourceTree = "<group>"; };
		36A7C6DC2104CBFE0073407A /* TrackConsoleViewController.swift */ = {isa = PBXFileReference; fileEncoding = 4; lastKnownFileType = sourcecode.swift; path = TrackConsoleViewController.swift; sourceTree = "<group>"; };
		36A7C6DE2104CC0D0073407A /* LegSwitchCell.swift */ = {isa = PBXFileReference; fileEncoding = 4; lastKnownFileType = sourcecode.swift; path = LegSwitchCell.swift; sourceTree = "<group>"; };
		36A7C6DF2104CC0D0073407A /* TrackMapViewController.swift */ = {isa = PBXFileReference; fileEncoding = 4; lastKnownFileType = sourcecode.swift; path = TrackMapViewController.swift; sourceTree = "<group>"; };
		36A7C6E22104CC350073407A /* LiveTrackingView.storyboard */ = {isa = PBXFileReference; fileEncoding = 4; lastKnownFileType = file.storyboard; path = LiveTrackingView.storyboard; sourceTree = "<group>"; };
		36A7C6E42104CC690073407A /* TrackOverviewTableViewController.swift */ = {isa = PBXFileReference; fileEncoding = 4; lastKnownFileType = sourcecode.swift; path = TrackOverviewTableViewController.swift; sourceTree = "<group>"; };
		36A7C6E62104CD120073407A /* TrackView.storyboard */ = {isa = PBXFileReference; fileEncoding = 4; lastKnownFileType = file.storyboard; path = TrackView.storyboard; sourceTree = "<group>"; };
		36A7C6E82104D8870073407A /* LiveTrackingViewController.swift */ = {isa = PBXFileReference; lastKnownFileType = sourcecode.swift; path = LiveTrackingViewController.swift; sourceTree = "<group>"; };
		36C45E411DCE2D3500E87710 /* GeoTrackKitExample.app */ = {isa = PBXFileReference; explicitFileType = wrapper.application; includeInIndex = 0; path = GeoTrackKitExample.app; sourceTree = BUILT_PRODUCTS_DIR; };
		36C45E441DCE2D3500E87710 /* AppDelegate.swift */ = {isa = PBXFileReference; lastKnownFileType = sourcecode.swift; path = AppDelegate.swift; sourceTree = "<group>"; };
		36C45E491DCE2D3500E87710 /* Base */ = {isa = PBXFileReference; lastKnownFileType = file.storyboard; name = Base; path = Base.lproj/Main.storyboard; sourceTree = "<group>"; };
		36C45E4B1DCE2D3500E87710 /* Assets.xcassets */ = {isa = PBXFileReference; lastKnownFileType = folder.assetcatalog; path = Assets.xcassets; sourceTree = "<group>"; };
		36C45E4E1DCE2D3500E87710 /* Base */ = {isa = PBXFileReference; lastKnownFileType = file.storyboard; name = Base; path = Base.lproj/LaunchScreen.storyboard; sourceTree = "<group>"; };
		36C45E501DCE2D3500E87710 /* Info.plist */ = {isa = PBXFileReference; lastKnownFileType = text.plist.xml; path = Info.plist; sourceTree = "<group>"; };
		36C45E551DCE2D3500E87710 /* GeoTrackKitExampleTests.xctest */ = {isa = PBXFileReference; explicitFileType = wrapper.cfbundle; includeInIndex = 0; path = GeoTrackKitExampleTests.xctest; sourceTree = BUILT_PRODUCTS_DIR; };
		36C45E5B1DCE2D3500E87710 /* Info.plist */ = {isa = PBXFileReference; lastKnownFileType = text.plist.xml; path = Info.plist; sourceTree = "<group>"; };
		36D099AF210B607200C8C841 /* GeoTrackKitExample.entitlements */ = {isa = PBXFileReference; lastKnownFileType = text.plist.entitlements; path = GeoTrackKitExample.entitlements; sourceTree = "<group>"; };
		36D099B0210B607300C8C841 /* HealthKit.framework */ = {isa = PBXFileReference; lastKnownFileType = wrapper.framework; name = HealthKit.framework; path = System/Library/Frameworks/HealthKit.framework; sourceTree = SDKROOT; };
		36D099B4210B64E200C8C841 /* TrackImport.storyboard */ = {isa = PBXFileReference; lastKnownFileType = file.storyboard; path = TrackImport.storyboard; sourceTree = "<group>"; };
		36D099B6210B6A2C00C8C841 /* TrackImportTableViewController.swift */ = {isa = PBXFileReference; lastKnownFileType = sourcecode.swift; path = TrackImportTableViewController.swift; sourceTree = "<group>"; };
		36E1E3451DEB3D0D00CFC7BC /* GeoTrackLocationEventTests.swift */ = {isa = PBXFileReference; fileEncoding = 4; lastKnownFileType = sourcecode.swift; path = GeoTrackLocationEventTests.swift; sourceTree = "<group>"; };
		36EA9BF222060337003C79E8 /* TrackService.swift */ = {isa = PBXFileReference; lastKnownFileType = sourcecode.swift; path = TrackService.swift; sourceTree = "<group>"; };
		36EA9BF522061B90003C79E8 /* TrackServiceTests.swift */ = {isa = PBXFileReference; lastKnownFileType = sourcecode.swift; path = TrackServiceTests.swift; sourceTree = "<group>"; };
		36F5A73321E0308900A3DB21 /* CoreLocationExtension.swift */ = {isa = PBXFileReference; lastKnownFileType = sourcecode.swift; path = CoreLocationExtension.swift; sourceTree = "<group>"; };
		51B54550121FF2A0DC20134F /* Pods-GeoTrackKitExample.release.xcconfig */ = {isa = PBXFileReference; includeInIndex = 1; lastKnownFileType = text.xcconfig; name = "Pods-GeoTrackKitExample.release.xcconfig"; path = "Pods/Target Support Files/Pods-GeoTrackKitExample/Pods-GeoTrackKitExample.release.xcconfig"; sourceTree = "<group>"; };
		8992FE79B7159E02B95D4ABA /* Pods-GeoTrackKitExampleTests.debug.xcconfig */ = {isa = PBXFileReference; includeInIndex = 1; lastKnownFileType = text.xcconfig; name = "Pods-GeoTrackKitExampleTests.debug.xcconfig"; path = "Pods/Target Support Files/Pods-GeoTrackKitExampleTests/Pods-GeoTrackKitExampleTests.debug.xcconfig"; sourceTree = "<group>"; };
		8A51639AB7B6B4BAEF27C313 /* Pods_GeoTrackKitExample.framework */ = {isa = PBXFileReference; explicitFileType = wrapper.framework; includeInIndex = 0; path = Pods_GeoTrackKitExample.framework; sourceTree = BUILT_PRODUCTS_DIR; };
		93090E1F1DF822D9004F56FB /* GeoTrackEventLogTests.swift */ = {isa = PBXFileReference; fileEncoding = 4; lastKnownFileType = sourcecode.swift; path = GeoTrackEventLogTests.swift; sourceTree = "<group>"; };
		93090E221DF82520004F56FB /* MockAppender.swift */ = {isa = PBXFileReference; fileEncoding = 4; lastKnownFileType = sourcecode.swift; path = MockAppender.swift; sourceTree = "<group>"; };
		93EEFC061E6DAD1900090CE7 /* UIGeoTrackTest.swift */ = {isa = PBXFileReference; fileEncoding = 4; lastKnownFileType = sourcecode.swift; path = UIGeoTrackTest.swift; sourceTree = "<group>"; };
		99464F9CAE97A457D9B3EBE4 /* Pods-GeoTrackKitExample.debug.xcconfig */ = {isa = PBXFileReference; includeInIndex = 1; lastKnownFileType = text.xcconfig; name = "Pods-GeoTrackKitExample.debug.xcconfig"; path = "Pods/Target Support Files/Pods-GeoTrackKitExample/Pods-GeoTrackKitExample.debug.xcconfig"; sourceTree = "<group>"; };
		9A80CFF9C7B4FF4F0F60716F /* Pods-GeoTrackKitExampleTests.release.xcconfig */ = {isa = PBXFileReference; includeInIndex = 1; lastKnownFileType = text.xcconfig; name = "Pods-GeoTrackKitExampleTests.release.xcconfig"; path = "Pods/Target Support Files/Pods-GeoTrackKitExampleTests/Pods-GeoTrackKitExampleTests.release.xcconfig"; sourceTree = "<group>"; };
		A6E72B23B9554498B66030FE /* Pods_GeoTrackKitExampleTests.framework */ = {isa = PBXFileReference; explicitFileType = wrapper.framework; includeInIndex = 0; path = Pods_GeoTrackKitExampleTests.framework; sourceTree = BUILT_PRODUCTS_DIR; };
/* End PBXFileReference section */

/* Begin PBXFrameworksBuildPhase section */
		36C45E3E1DCE2D3500E87710 /* Frameworks */ = {
			isa = PBXFrameworksBuildPhase;
			buildActionMask = 2147483647;
			files = (
				0E1E09A3899897CDAE589A5B /* Pods_GeoTrackKitExample.framework in Frameworks */,
				36D099B1210B607300C8C841 /* HealthKit.framework in Frameworks */,
			);
			runOnlyForDeploymentPostprocessing = 0;
		};
		36C45E521DCE2D3500E87710 /* Frameworks */ = {
			isa = PBXFrameworksBuildPhase;
			buildActionMask = 2147483647;
			files = (
				1B2451A1B46FD1E813C13A25 /* Pods_GeoTrackKitExampleTests.framework in Frameworks */,
			);
			runOnlyForDeploymentPostprocessing = 0;
		};
/* End PBXFrameworksBuildPhase section */

/* Begin PBXGroup section */
		1293B838470181209049C3A4 /* Frameworks */ = {
			isa = PBXGroup;
			children = (
				36D099B0210B607300C8C841 /* HealthKit.framework */,
				8A51639AB7B6B4BAEF27C313 /* Pods_GeoTrackKitExample.framework */,
				A6E72B23B9554498B66030FE /* Pods_GeoTrackKitExampleTests.framework */,
			);
			name = Frameworks;
			sourceTree = "<group>";
		};
		36302DB2210E139100834A1D /* Core */ = {
			isa = PBXGroup;
			children = (
				366B652E21963ADA00BA5EB7 /* Models */,
				36302DB8210E17B400834A1D /* GeoTrackKitErrorTests.swift */,
				3604FC76217150AB00B46BAA /* GeoTrackStatisticsTests.swift */,
			);
			path = Core;
			sourceTree = "<group>";
		};
		366B1C652209039A003C19F8 /* TrackList */ = {
			isa = PBXGroup;
			children = (
				366B1C662209271E003C19F8 /* TrackList.storyboard */,
				366B1C68220927F4003C19F8 /* TrackListTableViewController.swift */,
			);
			path = TrackList;
			sourceTree = "<group>";
		};
		366B652E21963ADA00BA5EB7 /* Models */ = {
			isa = PBXGroup;
			children = (
				366B652F21963AEE00BA5EB7 /* GeoTrackTests.swift */,
			);
			path = Models;
			sourceTree = "<group>";
		};
		3677FFF7220C67770036DA27 /* ARCL */ = {
			isa = PBXGroup;
			children = (
				3677FFF8220C679A0036DA27 /* ARCLViewController.swift */,
				3677FFFA220C68C10036DA27 /* ARCL.storyboard */,
			);
			path = ARCL;
			sourceTree = "<group>";
		};
		368A87AC1E6332B7003D115A /* Resources */ = {
			isa = PBXGroup;
			children = (
				366B6531219650CF00BA5EB7 /* reference-track-3.json */,
				366B652C21963A7D00BA5EB7 /* reference-track-2.json */,
				368A87AD1E6332C1003D115A /* reference-track-1.json */,
			);
			path = Resources;
			sourceTree = "<group>";
		};
		368A87AF1E6332D8003D115A /* Utilities */ = {
			isa = PBXGroup;
			children = (
				368A87B01E63332E003D115A /* TrackReader.swift */,
			);
			path = Utilities;
			sourceTree = "<group>";
		};
		36A7C6C52100B0730073407A /* Services */ = {
			isa = PBXGroup;
			children = (
				36A7C6C62100B0980073407A /* EventLogAppender.swift */,
				36A7C6CF2103ECB40073407A /* ConsoleLogAppender.swift */,
				36EA9BF222060337003C79E8 /* TrackService.swift */,
			);
			path = Services;
			sourceTree = "<group>";
		};
		36A7C6D52104C7480073407A /* Views */ = {
			isa = PBXGroup;
			children = (
				3677FFF7220C67770036DA27 /* ARCL */,
				366B1C652209039A003C19F8 /* TrackList */,
				36D099B3210B64D900C8C841 /* TrackImport */,
				36A7C6D72104C7480073407A /* TrackConsole */,
				36A7C6D82104C7480073407A /* ReferenceTrack */,
				36A7C6D92104C7480073407A /* LiveTracking */,
			);
			path = Views;
			sourceTree = "<group>";
		};
		36A7C6D72104C7480073407A /* TrackConsole */ = {
			isa = PBXGroup;
			children = (
				36A7C6DC2104CBFE0073407A /* TrackConsoleViewController.swift */,
				36A7C6DA2104CBF30073407A /* TrackConsole.storyboard */,
			);
			path = TrackConsole;
			sourceTree = "<group>";
		};
		36A7C6D82104C7480073407A /* ReferenceTrack */ = {
			isa = PBXGroup;
			children = (
				36A7C6E62104CD120073407A /* TrackView.storyboard */,
				36A7C6E42104CC690073407A /* TrackOverviewTableViewController.swift */,
				36A7C6DE2104CC0D0073407A /* LegSwitchCell.swift */,
				36A7C6DF2104CC0D0073407A /* TrackMapViewController.swift */,
			);
			path = ReferenceTrack;
			sourceTree = "<group>";
		};
		36A7C6D92104C7480073407A /* LiveTracking */ = {
			isa = PBXGroup;
			children = (
				36A7C6E22104CC350073407A /* LiveTrackingView.storyboard */,
				36A7C6E82104D8870073407A /* LiveTrackingViewController.swift */,
			);
			path = LiveTracking;
			sourceTree = "<group>";
		};
		36C45E381DCE2D3500E87710 = {
			isa = PBXGroup;
			children = (
				36C45E431DCE2D3500E87710 /* GeoTrackKitExample */,
				36C45E581DCE2D3500E87710 /* GeoTrackKitExampleTests */,
				36C45E421DCE2D3500E87710 /* Products */,
				3946A07E733955EE7C410B0B /* Pods */,
				1293B838470181209049C3A4 /* Frameworks */,
			);
			sourceTree = "<group>";
		};
		36C45E421DCE2D3500E87710 /* Products */ = {
			isa = PBXGroup;
			children = (
				36C45E411DCE2D3500E87710 /* GeoTrackKitExample.app */,
				36C45E551DCE2D3500E87710 /* GeoTrackKitExampleTests.xctest */,
			);
			name = Products;
			sourceTree = "<group>";
		};
		36C45E431DCE2D3500E87710 /* GeoTrackKitExample */ = {
			isa = PBXGroup;
			children = (
				36D099AF210B607200C8C841 /* GeoTrackKitExample.entitlements */,
				36C45E501DCE2D3500E87710 /* Info.plist */,
				36C45E441DCE2D3500E87710 /* AppDelegate.swift */,
				36C45E4B1DCE2D3500E87710 /* Assets.xcassets */,
				3604F20B2213B04400D2EFA7 /* example.scnassets */,
				36F5A73221E0306A00A3DB21 /* Extensions */,
				36C45E4D1DCE2D3500E87710 /* LaunchScreen.storyboard */,
				36C45E481DCE2D3500E87710 /* Main.storyboard */,
				36A7C6C52100B0730073407A /* Services */,
				36A7C6D52104C7480073407A /* Views */,
			);
			path = GeoTrackKitExample;
			sourceTree = "<group>";
		};
		36C45E581DCE2D3500E87710 /* GeoTrackKitExampleTests */ = {
			isa = PBXGroup;
			children = (
				36EA9BF422061B60003C79E8 /* ExampleApp */,
				93EEFC031E6DAD0300090CE7 /* GeoTrackKit */,
				368A87AF1E6332D8003D115A /* Utilities */,
				368A87AC1E6332B7003D115A /* Resources */,
				93090E211DF8250E004F56FB /* Mocks */,
				36E1E3451DEB3D0D00CFC7BC /* GeoTrackLocationEventTests.swift */,
				36C45E5B1DCE2D3500E87710 /* Info.plist */,
				93090E1F1DF822D9004F56FB /* GeoTrackEventLogTests.swift */,
				366CE43B1DFCAC360090BD42 /* GeoTrackSerializationTests.swift */,
				368A87B61E636FCE003D115A /* GeoTrackAnalyzerTests.swift */,
			);
			path = GeoTrackKitExampleTests;
			sourceTree = "<group>";
		};
		36D099B3210B64D900C8C841 /* TrackImport */ = {
			isa = PBXGroup;
			children = (
				36D099B4210B64E200C8C841 /* TrackImport.storyboard */,
				36D099B6210B6A2C00C8C841 /* TrackImportTableViewController.swift */,
			);
			path = TrackImport;
			sourceTree = "<group>";
		};
		36EA9BF422061B60003C79E8 /* ExampleApp */ = {
			isa = PBXGroup;
			children = (
				36EA9BF522061B90003C79E8 /* TrackServiceTests.swift */,
			);
			path = ExampleApp;
			sourceTree = "<group>";
		};
		36F5A73221E0306A00A3DB21 /* Extensions */ = {
			isa = PBXGroup;
			children = (
				36F5A73321E0308900A3DB21 /* CoreLocationExtension.swift */,
			);
			path = Extensions;
			sourceTree = "<group>";
		};
		3946A07E733955EE7C410B0B /* Pods */ = {
			isa = PBXGroup;
			children = (
				99464F9CAE97A457D9B3EBE4 /* Pods-GeoTrackKitExample.debug.xcconfig */,
				51B54550121FF2A0DC20134F /* Pods-GeoTrackKitExample.release.xcconfig */,
				8992FE79B7159E02B95D4ABA /* Pods-GeoTrackKitExampleTests.debug.xcconfig */,
				9A80CFF9C7B4FF4F0F60716F /* Pods-GeoTrackKitExampleTests.release.xcconfig */,
			);
			name = Pods;
			sourceTree = "<group>";
		};
		93090E211DF8250E004F56FB /* Mocks */ = {
			isa = PBXGroup;
			children = (
				93090E221DF82520004F56FB /* MockAppender.swift */,
			);
			name = Mocks;
			sourceTree = "<group>";
		};
		93EEFC031E6DAD0300090CE7 /* GeoTrackKit */ = {
			isa = PBXGroup;
			children = (
				36302DB2210E139100834A1D /* Core */,
				93EEFC041E6DAD0300090CE7 /* Map */,
			);
			path = GeoTrackKit;
			sourceTree = "<group>";
		};
		93EEFC041E6DAD0300090CE7 /* Map */ = {
			isa = PBXGroup;
			children = (
				93EEFC051E6DAD0300090CE7 /* UIModels */,
			);
			path = Map;
			sourceTree = "<group>";
		};
		93EEFC051E6DAD0300090CE7 /* UIModels */ = {
			isa = PBXGroup;
			children = (
				93EEFC061E6DAD1900090CE7 /* UIGeoTrackTest.swift */,
			);
			path = UIModels;
			sourceTree = "<group>";
		};
/* End PBXGroup section */

/* Begin PBXNativeTarget section */
		36C45E401DCE2D3500E87710 /* GeoTrackKitExample */ = {
			isa = PBXNativeTarget;
			buildConfigurationList = 36C45E5E1DCE2D3500E87710 /* Build configuration list for PBXNativeTarget "GeoTrackKitExample" */;
			buildPhases = (
				47EBB03A9F87038E40144C94 /* [CP] Check Pods Manifest.lock */,
				36C45E3D1DCE2D3500E87710 /* Sources */,
				3649061B1E6C62EB00B6A0C4 /* Swiftlint */,
				36C45E3E1DCE2D3500E87710 /* Frameworks */,
				36C45E3F1DCE2D3500E87710 /* Resources */,
				15F80713F620802C6C8F2402 /* [CP] Embed Pods Frameworks */,
			);
			buildRules = (
			);
			dependencies = (
			);
			name = GeoTrackKitExample;
			productName = GeoTrackKitExample;
			productReference = 36C45E411DCE2D3500E87710 /* GeoTrackKitExample.app */;
			productType = "com.apple.product-type.application";
		};
		36C45E541DCE2D3500E87710 /* GeoTrackKitExampleTests */ = {
			isa = PBXNativeTarget;
			buildConfigurationList = 36C45E611DCE2D3500E87710 /* Build configuration list for PBXNativeTarget "GeoTrackKitExampleTests" */;
			buildPhases = (
				21BFE0984A76732705781C0B /* [CP] Check Pods Manifest.lock */,
				36C45E511DCE2D3500E87710 /* Sources */,
				36C45E521DCE2D3500E87710 /* Frameworks */,
				36C45E531DCE2D3500E87710 /* Resources */,
			);
			buildRules = (
			);
			dependencies = (
				36C45E571DCE2D3500E87710 /* PBXTargetDependency */,
			);
			name = GeoTrackKitExampleTests;
			productName = GeoTrackKitExampleTests;
			productReference = 36C45E551DCE2D3500E87710 /* GeoTrackKitExampleTests.xctest */;
			productType = "com.apple.product-type.bundle.unit-test";
		};
/* End PBXNativeTarget section */

/* Begin PBXProject section */
		36C45E391DCE2D3500E87710 /* Project object */ = {
			isa = PBXProject;
			attributes = {
				LastSwiftUpdateCheck = 0810;
				LastUpgradeCheck = 0940;
				ORGANIZATIONNAME = "Eric Internicola";
				TargetAttributes = {
					36C45E401DCE2D3500E87710 = {
						CreatedOnToolsVersion = 8.1;
						DevelopmentTeam = 268S5GJFWZ;
						LastSwiftMigration = 0900;
						ProvisioningStyle = Automatic;
						SystemCapabilities = {
							com.apple.BackgroundModes = {
								enabled = 1;
							};
							com.apple.HealthKit = {
								enabled = 1;
							};
						};
					};
					36C45E541DCE2D3500E87710 = {
						CreatedOnToolsVersion = 8.1;
						LastSwiftMigration = 0900;
						ProvisioningStyle = Automatic;
						TestTargetID = 36C45E401DCE2D3500E87710;
					};
				};
			};
			buildConfigurationList = 36C45E3C1DCE2D3500E87710 /* Build configuration list for PBXProject "GeoTrackKitExample" */;
			compatibilityVersion = "Xcode 3.2";
			developmentRegion = English;
			hasScannedForEncodings = 0;
			knownRegions = (
				en,
				Base,
			);
			mainGroup = 36C45E381DCE2D3500E87710;
			productRefGroup = 36C45E421DCE2D3500E87710 /* Products */;
			projectDirPath = "";
			projectRoot = "";
			targets = (
				36C45E401DCE2D3500E87710 /* GeoTrackKitExample */,
				36C45E541DCE2D3500E87710 /* GeoTrackKitExampleTests */,
			);
		};
/* End PBXProject section */

/* Begin PBXResourcesBuildPhase section */
		36C45E3F1DCE2D3500E87710 /* Resources */ = {
			isa = PBXResourcesBuildPhase;
			buildActionMask = 2147483647;
			files = (
				36A7C6DB2104CBF30073407A /* TrackConsole.storyboard in Resources */,
				36C45E4F1DCE2D3500E87710 /* LaunchScreen.storyboard in Resources */,
				36E3C43D1F4A0817005738DB /* reference-track-1.json in Resources */,
				366B1C672209271E003C19F8 /* TrackList.storyboard in Resources */,
				3677FFFB220C68C10036DA27 /* ARCL.storyboard in Resources */,
				36A7C6E72104CD120073407A /* TrackView.storyboard in Resources */,
				3604F20C2213B04400D2EFA7 /* example.scnassets in Resources */,
				36C45E4C1DCE2D3500E87710 /* Assets.xcassets in Resources */,
				36D099B5210B64E200C8C841 /* TrackImport.storyboard in Resources */,
				36A7C6E32104CC360073407A /* LiveTrackingView.storyboard in Resources */,
				36C45E4A1DCE2D3500E87710 /* Main.storyboard in Resources */,
			);
			runOnlyForDeploymentPostprocessing = 0;
		};
		36C45E531DCE2D3500E87710 /* Resources */ = {
			isa = PBXResourcesBuildPhase;
			buildActionMask = 2147483647;
			files = (
				366B652D21963A7D00BA5EB7 /* reference-track-2.json in Resources */,
				366B6532219650CF00BA5EB7 /* reference-track-3.json in Resources */,
				368A87AE1E6332C1003D115A /* reference-track-1.json in Resources */,
			);
			runOnlyForDeploymentPostprocessing = 0;
		};
/* End PBXResourcesBuildPhase section */

/* Begin PBXShellScriptBuildPhase section */
		15F80713F620802C6C8F2402 /* [CP] Embed Pods Frameworks */ = {
			isa = PBXShellScriptBuildPhase;
			buildActionMask = 2147483647;
			files = (
			);
			inputPaths = (
				"${SRCROOT}/Pods/Target Support Files/Pods-GeoTrackKitExample/Pods-GeoTrackKitExample-frameworks.sh",
				"${BUILT_PRODUCTS_DIR}/ARCL/ARCL.framework",
				"${BUILT_PRODUCTS_DIR}/GeoTrackKit/GeoTrackKit.framework",
			);
			name = "[CP] Embed Pods Frameworks";
			outputPaths = (
				"${TARGET_BUILD_DIR}/${FRAMEWORKS_FOLDER_PATH}/ARCL.framework",
				"${TARGET_BUILD_DIR}/${FRAMEWORKS_FOLDER_PATH}/GeoTrackKit.framework",
			);
			runOnlyForDeploymentPostprocessing = 0;
			shellPath = /bin/sh;
			shellScript = "\"${SRCROOT}/Pods/Target Support Files/Pods-GeoTrackKitExample/Pods-GeoTrackKitExample-frameworks.sh\"\n";
			showEnvVarsInLog = 0;
		};
		21BFE0984A76732705781C0B /* [CP] Check Pods Manifest.lock */ = {
			isa = PBXShellScriptBuildPhase;
			buildActionMask = 2147483647;
			files = (
			);
			inputPaths = (
				"${PODS_PODFILE_DIR_PATH}/Podfile.lock",
				"${PODS_ROOT}/Manifest.lock",
			);
			name = "[CP] Check Pods Manifest.lock";
			outputPaths = (
				"$(DERIVED_FILE_DIR)/Pods-GeoTrackKitExampleTests-checkManifestLockResult.txt",
			);
			runOnlyForDeploymentPostprocessing = 0;
			shellPath = /bin/sh;
			shellScript = "diff \"${PODS_PODFILE_DIR_PATH}/Podfile.lock\" \"${PODS_ROOT}/Manifest.lock\" > /dev/null\nif [ $? != 0 ] ; then\n    # print error to STDERR\n    echo \"error: The sandbox is not in sync with the Podfile.lock. Run 'pod install' or update your CocoaPods installation.\" >&2\n    exit 1\nfi\n# This output is used by Xcode 'outputs' to avoid re-running this script phase.\necho \"SUCCESS\" > \"${SCRIPT_OUTPUT_FILE_0}\"\n";
			showEnvVarsInLog = 0;
		};
		3649061B1E6C62EB00B6A0C4 /* Swiftlint */ = {
			isa = PBXShellScriptBuildPhase;
			buildActionMask = 2147483647;
			files = (
			);
			inputPaths = (
			);
			name = Swiftlint;
			outputPaths = (
			);
			runOnlyForDeploymentPostprocessing = 0;
			shellPath = /bin/sh;
			shellScript = "runSwiftLint() {\n    if which swiftlint >/dev/null; then\n    swiftlint\n    else\n    echo \"warning: SwiftLint not installed, download from https://github.com/realm/SwiftLint\"\n    fi\n}\n\nrunSwiftLint";
		};
		47EBB03A9F87038E40144C94 /* [CP] Check Pods Manifest.lock */ = {
			isa = PBXShellScriptBuildPhase;
			buildActionMask = 2147483647;
			files = (
			);
			inputPaths = (
				"${PODS_PODFILE_DIR_PATH}/Podfile.lock",
				"${PODS_ROOT}/Manifest.lock",
			);
			name = "[CP] Check Pods Manifest.lock";
			outputPaths = (
				"$(DERIVED_FILE_DIR)/Pods-GeoTrackKitExample-checkManifestLockResult.txt",
			);
			runOnlyForDeploymentPostprocessing = 0;
			shellPath = /bin/sh;
			shellScript = "diff \"${PODS_PODFILE_DIR_PATH}/Podfile.lock\" \"${PODS_ROOT}/Manifest.lock\" > /dev/null\nif [ $? != 0 ] ; then\n    # print error to STDERR\n    echo \"error: The sandbox is not in sync with the Podfile.lock. Run 'pod install' or update your CocoaPods installation.\" >&2\n    exit 1\nfi\n# This output is used by Xcode 'outputs' to avoid re-running this script phase.\necho \"SUCCESS\" > \"${SCRIPT_OUTPUT_FILE_0}\"\n";
			showEnvVarsInLog = 0;
		};
/* End PBXShellScriptBuildPhase section */

/* Begin PBXSourcesBuildPhase section */
		36C45E3D1DCE2D3500E87710 /* Sources */ = {
			isa = PBXSourcesBuildPhase;
			buildActionMask = 2147483647;
			files = (
				36A7C6E02104CC0D0073407A /* LegSwitchCell.swift in Sources */,
				36A7C6E52104CC690073407A /* TrackOverviewTableViewController.swift in Sources */,
				36A7C6E12104CC0D0073407A /* TrackMapViewController.swift in Sources */,
				36A7C6DD2104CBFE0073407A /* TrackConsoleViewController.swift in Sources */,
				36D099B7210B6A2C00C8C841 /* TrackImportTableViewController.swift in Sources */,
				366B1C69220927F4003C19F8 /* TrackListTableViewController.swift in Sources */,
				36F5A73421E0308900A3DB21 /* CoreLocationExtension.swift in Sources */,
				36A7C6E92104D8870073407A /* LiveTrackingViewController.swift in Sources */,
				36EA9BF322060337003C79E8 /* TrackService.swift in Sources */,
				36C45E451DCE2D3500E87710 /* AppDelegate.swift in Sources */,
				36A7C6C72100B0980073407A /* EventLogAppender.swift in Sources */,
				3677FFF9220C679A0036DA27 /* ARCLViewController.swift in Sources */,
				36A7C6D02103ECB40073407A /* ConsoleLogAppender.swift in Sources */,
			);
			runOnlyForDeploymentPostprocessing = 0;
		};
		36C45E511DCE2D3500E87710 /* Sources */ = {
			isa = PBXSourcesBuildPhase;
			buildActionMask = 2147483647;
			files = (
				366CE43C1DFCAC360090BD42 /* GeoTrackSerializationTests.swift in Sources */,
				36302DB9210E17B400834A1D /* GeoTrackKitErrorTests.swift in Sources */,
				36E1E3461DEB3D0D00CFC7BC /* GeoTrackLocationEventTests.swift in Sources */,
				368A87B11E63332E003D115A /* TrackReader.swift in Sources */,
				93090E231DF82520004F56FB /* MockAppender.swift in Sources */,
				93090E201DF822D9004F56FB /* GeoTrackEventLogTests.swift in Sources */,
				3604FC77217150AB00B46BAA /* GeoTrackStatisticsTests.swift in Sources */,
				366B653021963AEE00BA5EB7 /* GeoTrackTests.swift in Sources */,
				368A87B71E636FCE003D115A /* GeoTrackAnalyzerTests.swift in Sources */,
				93EEFC071E6DAD1900090CE7 /* UIGeoTrackTest.swift in Sources */,
				36EA9BF622061B90003C79E8 /* TrackServiceTests.swift in Sources */,
			);
			runOnlyForDeploymentPostprocessing = 0;
		};
/* End PBXSourcesBuildPhase section */

/* Begin PBXTargetDependency section */
		36C45E571DCE2D3500E87710 /* PBXTargetDependency */ = {
			isa = PBXTargetDependency;
			target = 36C45E401DCE2D3500E87710 /* GeoTrackKitExample */;
			targetProxy = 36C45E561DCE2D3500E87710 /* PBXContainerItemProxy */;
		};
/* End PBXTargetDependency section */

/* Begin PBXVariantGroup section */
		36C45E481DCE2D3500E87710 /* Main.storyboard */ = {
			isa = PBXVariantGroup;
			children = (
				36C45E491DCE2D3500E87710 /* Base */,
			);
			name = Main.storyboard;
			sourceTree = "<group>";
		};
		36C45E4D1DCE2D3500E87710 /* LaunchScreen.storyboard */ = {
			isa = PBXVariantGroup;
			children = (
				36C45E4E1DCE2D3500E87710 /* Base */,
			);
			name = LaunchScreen.storyboard;
			sourceTree = "<group>";
		};
/* End PBXVariantGroup section */

/* Begin XCBuildConfiguration section */
		36C45E5C1DCE2D3500E87710 /* Debug */ = {
			isa = XCBuildConfiguration;
			buildSettings = {
				ALWAYS_SEARCH_USER_PATHS = NO;
				CLANG_ANALYZER_NONNULL = YES;
				CLANG_CXX_LANGUAGE_STANDARD = "gnu++0x";
				CLANG_CXX_LIBRARY = "libc++";
				CLANG_ENABLE_MODULES = YES;
				CLANG_ENABLE_OBJC_ARC = YES;
				CLANG_WARN_BLOCK_CAPTURE_AUTORELEASING = YES;
				CLANG_WARN_BOOL_CONVERSION = YES;
				CLANG_WARN_COMMA = YES;
				CLANG_WARN_CONSTANT_CONVERSION = YES;
				CLANG_WARN_DEPRECATED_OBJC_IMPLEMENTATIONS = YES;
				CLANG_WARN_DIRECT_OBJC_ISA_USAGE = YES_ERROR;
				CLANG_WARN_DOCUMENTATION_COMMENTS = YES;
				CLANG_WARN_EMPTY_BODY = YES;
				CLANG_WARN_ENUM_CONVERSION = YES;
				CLANG_WARN_INFINITE_RECURSION = YES;
				CLANG_WARN_INT_CONVERSION = YES;
				CLANG_WARN_NON_LITERAL_NULL_CONVERSION = YES;
				CLANG_WARN_OBJC_IMPLICIT_RETAIN_SELF = YES;
				CLANG_WARN_OBJC_LITERAL_CONVERSION = YES;
				CLANG_WARN_OBJC_ROOT_CLASS = YES_ERROR;
				CLANG_WARN_RANGE_LOOP_ANALYSIS = YES;
				CLANG_WARN_STRICT_PROTOTYPES = YES;
				CLANG_WARN_SUSPICIOUS_MOVE = YES;
				CLANG_WARN_SUSPICIOUS_MOVES = YES;
				CLANG_WARN_UNREACHABLE_CODE = YES;
				CLANG_WARN__DUPLICATE_METHOD_MATCH = YES;
				"CODE_SIGN_IDENTITY[sdk=iphoneos*]" = "iPhone Developer";
				COPY_PHASE_STRIP = NO;
				DEBUG_INFORMATION_FORMAT = dwarf;
				ENABLE_STRICT_OBJC_MSGSEND = YES;
				ENABLE_TESTABILITY = YES;
				GCC_C_LANGUAGE_STANDARD = gnu99;
				GCC_DYNAMIC_NO_PIC = NO;
				GCC_NO_COMMON_BLOCKS = YES;
				GCC_OPTIMIZATION_LEVEL = 0;
				GCC_PREPROCESSOR_DEFINITIONS = (
					"DEBUG=1",
					"$(inherited)",
				);
				GCC_WARN_64_TO_32_BIT_CONVERSION = YES;
				GCC_WARN_ABOUT_RETURN_TYPE = YES_ERROR;
				GCC_WARN_UNDECLARED_SELECTOR = YES;
				GCC_WARN_UNINITIALIZED_AUTOS = YES_AGGRESSIVE;
				GCC_WARN_UNUSED_FUNCTION = YES;
				GCC_WARN_UNUSED_VARIABLE = YES;
				IPHONEOS_DEPLOYMENT_TARGET = 11.0;
				MTL_ENABLE_DEBUG_INFO = YES;
				ONLY_ACTIVE_ARCH = YES;
				SDKROOT = iphoneos;
				SWIFT_ACTIVE_COMPILATION_CONDITIONS = DEBUG;
				SWIFT_OPTIMIZATION_LEVEL = "-Onone";
				SWIFT_SWIFT3_OBJC_INFERENCE = Default;
				TARGETED_DEVICE_FAMILY = "1,2";
			};
			name = Debug;
		};
		36C45E5D1DCE2D3500E87710 /* Release */ = {
			isa = XCBuildConfiguration;
			buildSettings = {
				ALWAYS_SEARCH_USER_PATHS = NO;
				CLANG_ANALYZER_NONNULL = YES;
				CLANG_CXX_LANGUAGE_STANDARD = "gnu++0x";
				CLANG_CXX_LIBRARY = "libc++";
				CLANG_ENABLE_MODULES = YES;
				CLANG_ENABLE_OBJC_ARC = YES;
				CLANG_WARN_BLOCK_CAPTURE_AUTORELEASING = YES;
				CLANG_WARN_BOOL_CONVERSION = YES;
				CLANG_WARN_COMMA = YES;
				CLANG_WARN_CONSTANT_CONVERSION = YES;
				CLANG_WARN_DEPRECATED_OBJC_IMPLEMENTATIONS = YES;
				CLANG_WARN_DIRECT_OBJC_ISA_USAGE = YES_ERROR;
				CLANG_WARN_DOCUMENTATION_COMMENTS = YES;
				CLANG_WARN_EMPTY_BODY = YES;
				CLANG_WARN_ENUM_CONVERSION = YES;
				CLANG_WARN_INFINITE_RECURSION = YES;
				CLANG_WARN_INT_CONVERSION = YES;
				CLANG_WARN_NON_LITERAL_NULL_CONVERSION = YES;
				CLANG_WARN_OBJC_IMPLICIT_RETAIN_SELF = YES;
				CLANG_WARN_OBJC_LITERAL_CONVERSION = YES;
				CLANG_WARN_OBJC_ROOT_CLASS = YES_ERROR;
				CLANG_WARN_RANGE_LOOP_ANALYSIS = YES;
				CLANG_WARN_STRICT_PROTOTYPES = YES;
				CLANG_WARN_SUSPICIOUS_MOVE = YES;
				CLANG_WARN_SUSPICIOUS_MOVES = YES;
				CLANG_WARN_UNREACHABLE_CODE = YES;
				CLANG_WARN__DUPLICATE_METHOD_MATCH = YES;
				"CODE_SIGN_IDENTITY[sdk=iphoneos*]" = "iPhone Developer";
				COPY_PHASE_STRIP = NO;
				DEBUG_INFORMATION_FORMAT = "dwarf-with-dsym";
				ENABLE_NS_ASSERTIONS = NO;
				ENABLE_STRICT_OBJC_MSGSEND = YES;
				GCC_C_LANGUAGE_STANDARD = gnu99;
				GCC_NO_COMMON_BLOCKS = YES;
				GCC_WARN_64_TO_32_BIT_CONVERSION = YES;
				GCC_WARN_ABOUT_RETURN_TYPE = YES_ERROR;
				GCC_WARN_UNDECLARED_SELECTOR = YES;
				GCC_WARN_UNINITIALIZED_AUTOS = YES_AGGRESSIVE;
				GCC_WARN_UNUSED_FUNCTION = YES;
				GCC_WARN_UNUSED_VARIABLE = YES;
				IPHONEOS_DEPLOYMENT_TARGET = 11.0;
				MTL_ENABLE_DEBUG_INFO = NO;
				SDKROOT = iphoneos;
				SWIFT_OPTIMIZATION_LEVEL = "-Owholemodule";
				SWIFT_SWIFT3_OBJC_INFERENCE = Default;
				TARGETED_DEVICE_FAMILY = "1,2";
				VALIDATE_PRODUCT = YES;
			};
			name = Release;
		};
		36C45E5F1DCE2D3500E87710 /* Debug */ = {
			isa = XCBuildConfiguration;
			baseConfigurationReference = 99464F9CAE97A457D9B3EBE4 /* Pods-GeoTrackKitExample.debug.xcconfig */;
			buildSettings = {
				ALWAYS_EMBED_SWIFT_STANDARD_LIBRARIES = "$(inherited)";
				ASSETCATALOG_COMPILER_APPICON_NAME = AppIcon;
				CODE_SIGN_ENTITLEMENTS = GeoTrackKitExample/GeoTrackKitExample.entitlements;
				"CODE_SIGN_IDENTITY[sdk=iphoneos*]" = "iPhone Developer";
				DEVELOPMENT_TEAM = 268S5GJFWZ;
				INFOPLIST_FILE = GeoTrackKitExample/Info.plist;
				IPHONEOS_DEPLOYMENT_TARGET = 11.0;
				LD_RUNPATH_SEARCH_PATHS = "$(inherited) @executable_path/Frameworks";
				PRODUCT_BUNDLE_IDENTIFIER = com.icolasoft.GeoTrackKitExample;
				PRODUCT_NAME = "$(TARGET_NAME)";
				PROVISIONING_PROFILE = "";
				PROVISIONING_PROFILE_SPECIFIER = "";
				SWIFT_VERSION = 4.2;
			};
			name = Debug;
		};
		36C45E601DCE2D3500E87710 /* Release */ = {
			isa = XCBuildConfiguration;
			baseConfigurationReference = 51B54550121FF2A0DC20134F /* Pods-GeoTrackKitExample.release.xcconfig */;
			buildSettings = {
				ALWAYS_EMBED_SWIFT_STANDARD_LIBRARIES = "$(inherited)";
				ASSETCATALOG_COMPILER_APPICON_NAME = AppIcon;
				CODE_SIGN_ENTITLEMENTS = GeoTrackKitExample/GeoTrackKitExample.entitlements;
				"CODE_SIGN_IDENTITY[sdk=iphoneos*]" = "iPhone Developer";
				DEVELOPMENT_TEAM = 268S5GJFWZ;
				INFOPLIST_FILE = GeoTrackKitExample/Info.plist;
				IPHONEOS_DEPLOYMENT_TARGET = 11.0;
				LD_RUNPATH_SEARCH_PATHS = "$(inherited) @executable_path/Frameworks";
				PRODUCT_BUNDLE_IDENTIFIER = com.icolasoft.GeoTrackKitExample;
				PRODUCT_NAME = "$(TARGET_NAME)";
				PROVISIONING_PROFILE = "";
				PROVISIONING_PROFILE_SPECIFIER = "";
				SWIFT_VERSION = 4.2;
			};
			name = Release;
		};
		36C45E621DCE2D3500E87710 /* Debug */ = {
			isa = XCBuildConfiguration;
			baseConfigurationReference = 8992FE79B7159E02B95D4ABA /* Pods-GeoTrackKitExampleTests.debug.xcconfig */;
			buildSettings = {
				ALWAYS_EMBED_SWIFT_STANDARD_LIBRARIES = "$(inherited)";
				BUNDLE_LOADER = "$(TEST_HOST)";
				INFOPLIST_FILE = GeoTrackKitExampleTests/Info.plist;
				LD_RUNPATH_SEARCH_PATHS = "$(inherited) @executable_path/Frameworks @loader_path/Frameworks";
				PRODUCT_BUNDLE_IDENTIFIER = com.icolasoft.GeoTrackKitExampleTests;
				PRODUCT_NAME = "$(TARGET_NAME)";
				SWIFT_SWIFT3_OBJC_INFERENCE = Default;
				SWIFT_VERSION = 4.0;
				TEST_HOST = "$(BUILT_PRODUCTS_DIR)/GeoTrackKitExample.app/GeoTrackKitExample";
			};
			name = Debug;
		};
		36C45E631DCE2D3500E87710 /* Release */ = {
			isa = XCBuildConfiguration;
			baseConfigurationReference = 9A80CFF9C7B4FF4F0F60716F /* Pods-GeoTrackKitExampleTests.release.xcconfig */;
			buildSettings = {
				ALWAYS_EMBED_SWIFT_STANDARD_LIBRARIES = "$(inherited)";
				BUNDLE_LOADER = "$(TEST_HOST)";
				INFOPLIST_FILE = GeoTrackKitExampleTests/Info.plist;
				LD_RUNPATH_SEARCH_PATHS = "$(inherited) @executable_path/Frameworks @loader_path/Frameworks";
				PRODUCT_BUNDLE_IDENTIFIER = com.icolasoft.GeoTrackKitExampleTests;
				PRODUCT_NAME = "$(TARGET_NAME)";
				SWIFT_SWIFT3_OBJC_INFERENCE = Default;
				SWIFT_VERSION = 4.0;
				TEST_HOST = "$(BUILT_PRODUCTS_DIR)/GeoTrackKitExample.app/GeoTrackKitExample";
			};
			name = Release;
		};
/* End XCBuildConfiguration section */

/* Begin XCConfigurationList section */
		36C45E3C1DCE2D3500E87710 /* Build configuration list for PBXProject "GeoTrackKitExample" */ = {
			isa = XCConfigurationList;
			buildConfigurations = (
				36C45E5C1DCE2D3500E87710 /* Debug */,
				36C45E5D1DCE2D3500E87710 /* Release */,
			);
			defaultConfigurationIsVisible = 0;
			defaultConfigurationName = Release;
		};
		36C45E5E1DCE2D3500E87710 /* Build configuration list for PBXNativeTarget "GeoTrackKitExample" */ = {
			isa = XCConfigurationList;
			buildConfigurations = (
				36C45E5F1DCE2D3500E87710 /* Debug */,
				36C45E601DCE2D3500E87710 /* Release */,
			);
			defaultConfigurationIsVisible = 0;
			defaultConfigurationName = Release;
		};
		36C45E611DCE2D3500E87710 /* Build configuration list for PBXNativeTarget "GeoTrackKitExampleTests" */ = {
			isa = XCConfigurationList;
			buildConfigurations = (
				36C45E621DCE2D3500E87710 /* Debug */,
				36C45E631DCE2D3500E87710 /* Release */,
			);
			defaultConfigurationIsVisible = 0;
			defaultConfigurationName = Release;
		};
/* End XCConfigurationList section */
	};
	rootObject = 36C45E391DCE2D3500E87710 /* Project object */;
}
